
Microsoft Visual Studio Solution File, Format Version 12.00
Project("{FAE04EC0-301F-11D3-BF4B-00C04F79EFBC}") = "Entity Framework Generic Repository", "Entity Framework Generic Repository\Entity Framework Generic Repository.csproj", "{8FAC3A42-F1E1-4857-BF80-42C582185EC0}"
EndProject
Global
	GlobalSection(SolutionConfigurationPlatforms) = preSolution
		Debug|Any CPU = Debug|Any CPU
		Release|Any CPU = Release|Any CPU
	EndGlobalSection
	GlobalSection(ProjectConfigurationPlatforms) = postSolution
		{8FAC3A42-F1E1-4857-BF80-42C582185EC0}.Debug|Any CPU.ActiveCfg = Debug|Any CPU
		{8FAC3A42-F1E1-4857-BF80-42C582185EC0}.Debug|Any CPU.Build.0 = Debug|Any CPU
		{8FAC3A42-F1E1-4857-BF80-42C582185EC0}.Release|Any CPU.ActiveCfg = Release|Any CPU
		{8FAC3A42-F1E1-4857-BF80-42C582185EC0}.Release|Any CPU.Build.0 = Release|Any CPU
	EndGlobalSection
EndGlobal
